
Microsoft Visual Studio Solution File, Format Version 12.00
# Visual Studio Version 17
VisualStudioVersion = 17.7.34202.233
MinimumVisualStudioVersion = 10.0.40219.1
Project("{FAE04EC0-301F-11D3-BF4B-00C04F79EFBC}") = "UnicornLSL", "UnicornLSL\UnicornLSL.csproj", "{3021D30D-5B81-4666-9178-B14347AAB636}"
EndProject
Global
	GlobalSection(SolutionConfigurationPlatforms) = preSolution
		Debug|x64 = Debug|x64
		Release|x64 = Release|x64
	EndGlobalSection
	GlobalSection(ProjectConfigurationPlatforms) = postSolution
		{3021D30D-5B81-4666-9178-B14347AAB636}.Debug|x64.ActiveCfg = Debug|x64
		{3021D30D-5B81-4666-9178-B14347AAB636}.Debug|x64.Build.0 = Debug|x64
		{3021D30D-5B81-4666-9178-B14347AAB636}.Release|x64.ActiveCfg = Release|x64
		{3021D30D-5B81-4666-9178-B14347AAB636}.Release|x64.Build.0 = Release|x64
	EndGlobalSection
	GlobalSection(SolutionProperties) = preSolution
		HideSolutionNode = FALSE
	EndGlobalSection
	GlobalSection(ExtensibilityGlobals) = postSolution
		SolutionGuid = {F5778C2B-7846-4A13-8D5C-DF364A78ADA2}
	EndGlobalSection
EndGlobal
